
Microsoft Visual Studio Solution File, Format Version 12.00
# Visual Studio Version 16
VisualStudioVersion = 16.0.31105.61
MinimumVisualStudioVersion = 10.0.40219.1
Project("{FAE04EC0-301F-11D3-BF4B-00C04F79EFBC}") = "SchoolMon.Web", "SchoolMon.Web\SchoolMon.Web.csproj", "{8121FDBB-D586-4616-A4F8-CD14F8CA6E42}"
EndProject
Project("{FAE04EC0-301F-11D3-BF4B-00C04F79EFBC}") = "SchoolMon.Application", "SchoolMon.Application\SchoolMon.Application.csproj", "{81C9B0C9-2CB8-4734-A379-AA7006A84FFF}"
EndProject
Project("{FAE04EC0-301F-11D3-BF4B-00C04F79EFBC}") = "SchoolMon.Infrastructure", "SchoolMon.Infrastructure\SchoolMon.Infrastructure.csproj", "{9C39B517-8C8B-4B5E-B481-931974D1530B}"
EndProject
Global
	GlobalSection(SolutionConfigurationPlatforms) = preSolution
		Debug|Any CPU = Debug|Any CPU
		Release|Any CPU = Release|Any CPU
	EndGlobalSection
	GlobalSection(ProjectConfigurationPlatforms) = postSolution
		{8121FDBB-D586-4616-A4F8-CD14F8CA6E42}.Debug|Any CPU.ActiveCfg = Debug|Any CPU
		{8121FDBB-D586-4616-A4F8-CD14F8CA6E42}.Debug|Any CPU.Build.0 = Debug|Any CPU
		{8121FDBB-D586-4616-A4F8-CD14F8CA6E42}.Release|Any CPU.ActiveCfg = Release|Any CPU
		{8121FDBB-D586-4616-A4F8-CD14F8CA6E42}.Release|Any CPU.Build.0 = Release|Any CPU
		{81C9B0C9-2CB8-4734-A379-AA7006A84FFF}.Debug|Any CPU.ActiveCfg = Debug|Any CPU
		{81C9B0C9-2CB8-4734-A379-AA7006A84FFF}.Debug|Any CPU.Build.0 = Debug|Any CPU
		{81C9B0C9-2CB8-4734-A379-AA7006A84FFF}.Release|Any CPU.ActiveCfg = Release|Any CPU
		{81C9B0C9-2CB8-4734-A379-AA7006A84FFF}.Release|Any CPU.Build.0 = Release|Any CPU
		{9C39B517-8C8B-4B5E-B481-931974D1530B}.Debug|Any CPU.ActiveCfg = Debug|Any CPU
		{9C39B517-8C8B-4B5E-B481-931974D1530B}.Debug|Any CPU.Build.0 = Debug|Any CPU
		{9C39B517-8C8B-4B5E-B481-931974D1530B}.Release|Any CPU.ActiveCfg = Release|Any CPU
		{9C39B517-8C8B-4B5E-B481-931974D1530B}.Release|Any CPU.Build.0 = Release|Any CPU
	EndGlobalSection
	GlobalSection(SolutionProperties) = preSolution
		HideSolutionNode = FALSE
	EndGlobalSection
	GlobalSection(ExtensibilityGlobals) = postSolution
		SolutionGuid = {CDAAFFEF-74D7-40CA-AA1B-7052246C8F9D}
	EndGlobalSection
EndGlobal
